{
  "requires": true,
  "lockfileVersion": 1,
  "dependencies": {
    "dickens-frame-print": {
      "version": "1.0.0",
      "resolved": "https://registry.npmjs.org/dickens-frame-print/-/dickens-frame-print-1.0.0.tgz",
      "integrity": "sha512-Y5cAmnQd6A3pBvOPPoUkFL1WzUa0pXKqjdvB8sco/UEF/4WkugtSVTCsv/ck2Z4g26lMRw/nRM93YWAd8BsIOQ=="
    }
  }
}
